
Microsoft Visual Studio Solution File, Format Version 12.00
# Visual Studio Version 17
VisualStudioVersion = 17.6.33815.320
MinimumVisualStudioVersion = 10.0.40219.1
Project("{FAE04EC0-301F-11D3-BF4B-00C04F79EFBC}") = "TwistedFizzBuzz", "TwistedFizzBuzz\TwistedFizzBuzz.csproj", "{8E55DEB9-6F3B-4910-8939-C6F3F75D5C72}"
EndProject
Project("{FAE04EC0-301F-11D3-BF4B-00C04F79EFBC}") = "FizzBuzzConsole", "FizzBuzzConsole\FizzBuzzConsole.csproj", "{8625262B-6D35-4CFA-9B13-49F50D3C912E}"
EndProject
Project("{FAE04EC0-301F-11D3-BF4B-00C04F79EFBC}") = "CustomFizzBuzzConsole", "SecondFizzBuzzConsole\CustomFizzBuzzConsole.csproj", "{1E678EBC-B585-43C9-88DA-133208DB2DCC}"
EndProject
Global
	GlobalSection(SolutionConfigurationPlatforms) = preSolution
		Debug|Any CPU = Debug|Any CPU
		Release|Any CPU = Release|Any CPU
	EndGlobalSection
	GlobalSection(ProjectConfigurationPlatforms) = postSolution
		{8E55DEB9-6F3B-4910-8939-C6F3F75D5C72}.Debug|Any CPU.ActiveCfg = Debug|Any CPU
		{8E55DEB9-6F3B-4910-8939-C6F3F75D5C72}.Debug|Any CPU.Build.0 = Debug|Any CPU
		{8E55DEB9-6F3B-4910-8939-C6F3F75D5C72}.Release|Any CPU.ActiveCfg = Release|Any CPU
		{8E55DEB9-6F3B-4910-8939-C6F3F75D5C72}.Release|Any CPU.Build.0 = Release|Any CPU
		{8625262B-6D35-4CFA-9B13-49F50D3C912E}.Debug|Any CPU.ActiveCfg = Debug|Any CPU
		{8625262B-6D35-4CFA-9B13-49F50D3C912E}.Debug|Any CPU.Build.0 = Debug|Any CPU
		{8625262B-6D35-4CFA-9B13-49F50D3C912E}.Release|Any CPU.ActiveCfg = Release|Any CPU
		{8625262B-6D35-4CFA-9B13-49F50D3C912E}.Release|Any CPU.Build.0 = Release|Any CPU
		{1E678EBC-B585-43C9-88DA-133208DB2DCC}.Debug|Any CPU.ActiveCfg = Debug|Any CPU
		{1E678EBC-B585-43C9-88DA-133208DB2DCC}.Debug|Any CPU.Build.0 = Debug|Any CPU
		{1E678EBC-B585-43C9-88DA-133208DB2DCC}.Release|Any CPU.ActiveCfg = Release|Any CPU
		{1E678EBC-B585-43C9-88DA-133208DB2DCC}.Release|Any CPU.Build.0 = Release|Any CPU
	EndGlobalSection
	GlobalSection(SolutionProperties) = preSolution
		HideSolutionNode = FALSE
	EndGlobalSection
	GlobalSection(ExtensibilityGlobals) = postSolution
		SolutionGuid = {4A31E3E1-9603-49D6-9409-D132FA90E6DE}
	EndGlobalSection
EndGlobal
